
Microsoft Visual Studio Solution File, Format Version 12.00
# Visual Studio Version 16
VisualStudioVersion = 16.0.32630.194
MinimumVisualStudioVersion = 10.0.40219.1
Project("{FAE04EC0-301F-11D3-BF4B-00C04F79EFBC}") = "有序數組", "有序數組\有序數組.csproj", "{BEC2251B-B810-40A9-A13C-2BD97AC2A513}"
EndProject
Global
	GlobalSection(SolutionConfigurationPlatforms) = preSolution
		Debug|Any CPU = Debug|Any CPU
		Release|Any CPU = Release|Any CPU
	EndGlobalSection
	GlobalSection(ProjectConfigurationPlatforms) = postSolution
		{BEC2251B-B810-40A9-A13C-2BD97AC2A513}.Debug|Any CPU.ActiveCfg = Debug|Any CPU
		{BEC2251B-B810-40A9-A13C-2BD97AC2A513}.Debug|Any CPU.Build.0 = Debug|Any CPU
		{BEC2251B-B810-40A9-A13C-2BD97AC2A513}.Release|Any CPU.ActiveCfg = Release|Any CPU
		{BEC2251B-B810-40A9-A13C-2BD97AC2A513}.Release|Any CPU.Build.0 = Release|Any CPU
	EndGlobalSection
	GlobalSection(SolutionProperties) = preSolution
		HideSolutionNode = FALSE
	EndGlobalSection
	GlobalSection(ExtensibilityGlobals) = postSolution
		SolutionGuid = {D3630F71-DD1F-46AF-89EF-1A8D9B92DFF6}
	EndGlobalSection
EndGlobal
